
Microsoft Visual Studio Solution File, Format Version 12.00
# Visual Studio Version 17
VisualStudioVersion = 17.4.33213.308
MinimumVisualStudioVersion = 10.0.40219.1
Project("{FAE04EC0-301F-11D3-BF4B-00C04F79EFBC}") = "Library", "Library\Library.csproj", "{3C4BFF0F-AD9F-48D3-8EB2-815EBFC3F9A1}"
EndProject
Project("{FAE04EC0-301F-11D3-BF4B-00C04F79EFBC}") = "CEA.UWP", "CEA\UWP\CEA.UWP.csproj", "{FFE8D999-AA2C-4E54-BA6F-1E60DCEB7F6D}"
EndProject
Project("{FAE04EC0-301F-11D3-BF4B-00C04F79EFBC}") = "CEA.WPF", "CEA\WPF\CEA.WPF.csproj", "{449BCFF8-F937-4E21-B367-09148E4964B3}"
EndProject
Project("{FAE04EC0-301F-11D3-BF4B-00C04F79EFBC}") = "CEA.WindowsForms", "CEA\WindowsForms\CEA.WindowsForms.csproj", "{4C4455B7-AC20-4A5B-95C2-1C557EBB6E77}"
EndProject
Project("{FAE04EC0-301F-11D3-BF4B-00C04F79EFBC}") = "CEA.Domain", "CEA.Domain\CEA.Domain.csproj", "{8B9407C4-5B11-4E1E-8FCC-C6946266B844}"
EndProject
Global
	GlobalSection(SolutionConfigurationPlatforms) = preSolution
		Debug|Any CPU = Debug|Any CPU
		Debug|ARM = Debug|ARM
		Debug|x64 = Debug|x64
		Debug|x86 = Debug|x86
		Release|Any CPU = Release|Any CPU
		Release|ARM = Release|ARM
		Release|x64 = Release|x64
		Release|x86 = Release|x86
	EndGlobalSection
	GlobalSection(ProjectConfigurationPlatforms) = postSolution
		{3C4BFF0F-AD9F-48D3-8EB2-815EBFC3F9A1}.Debug|Any CPU.ActiveCfg = Debug|Any CPU
		{3C4BFF0F-AD9F-48D3-8EB2-815EBFC3F9A1}.Debug|Any CPU.Build.0 = Debug|Any CPU
		{3C4BFF0F-AD9F-48D3-8EB2-815EBFC3F9A1}.Debug|ARM.ActiveCfg = Debug|Any CPU
		{3C4BFF0F-AD9F-48D3-8EB2-815EBFC3F9A1}.Debug|ARM.Build.0 = Debug|Any CPU
		{3C4BFF0F-AD9F-48D3-8EB2-815EBFC3F9A1}.Debug|x64.ActiveCfg = Debug|Any CPU
		{3C4BFF0F-AD9F-48D3-8EB2-815EBFC3F9A1}.Debug|x64.Build.0 = Debug|Any CPU
		{3C4BFF0F-AD9F-48D3-8EB2-815EBFC3F9A1}.Debug|x86.ActiveCfg = Debug|Any CPU
		{3C4BFF0F-AD9F-48D3-8EB2-815EBFC3F9A1}.Debug|x86.Build.0 = Debug|Any CPU
		{3C4BFF0F-AD9F-48D3-8EB2-815EBFC3F9A1}.Release|Any CPU.ActiveCfg = Release|Any CPU
		{3C4BFF0F-AD9F-48D3-8EB2-815EBFC3F9A1}.Release|Any CPU.Build.0 = Release|Any CPU
		{3C4BFF0F-AD9F-48D3-8EB2-815EBFC3F9A1}.Release|ARM.ActiveCfg = Release|Any CPU
		{3C4BFF0F-AD9F-48D3-8EB2-815EBFC3F9A1}.Release|ARM.Build.0 = Release|Any CPU
		{3C4BFF0F-AD9F-48D3-8EB2-815EBFC3F9A1}.Release|x64.ActiveCfg = Release|Any CPU
		{3C4BFF0F-AD9F-48D3-8EB2-815EBFC3F9A1}.Release|x64.Build.0 = Release|Any CPU
		{3C4BFF0F-AD9F-48D3-8EB2-815EBFC3F9A1}.Release|x86.ActiveCfg = Release|Any CPU
		{3C4BFF0F-AD9F-48D3-8EB2-815EBFC3F9A1}.Release|x86.Build.0 = Release|Any CPU
		{FFE8D999-AA2C-4E54-BA6F-1E60DCEB7F6D}.Debug|Any CPU.ActiveCfg = Debug|x86
		{FFE8D999-AA2C-4E54-BA6F-1E60DCEB7F6D}.Debug|ARM.ActiveCfg = Debug|ARM
		{FFE8D999-AA2C-4E54-BA6F-1E60DCEB7F6D}.Debug|ARM.Build.0 = Debug|ARM
		{FFE8D999-AA2C-4E54-BA6F-1E60DCEB7F6D}.Debug|ARM.Deploy.0 = Debug|ARM
		{FFE8D999-AA2C-4E54-BA6F-1E60DCEB7F6D}.Debug|x64.ActiveCfg = Debug|x64
		{FFE8D999-AA2C-4E54-BA6F-1E60DCEB7F6D}.Debug|x64.Build.0 = Debug|x64
		{FFE8D999-AA2C-4E54-BA6F-1E60DCEB7F6D}.Debug|x64.Deploy.0 = Debug|x64
		{FFE8D999-AA2C-4E54-BA6F-1E60DCEB7F6D}.Debug|x86.ActiveCfg = Debug|x86
		{FFE8D999-AA2C-4E54-BA6F-1E60DCEB7F6D}.Debug|x86.Build.0 = Debug|x86
		{FFE8D999-AA2C-4E54-BA6F-1E60DCEB7F6D}.Debug|x86.Deploy.0 = Debug|x86
		{FFE8D999-AA2C-4E54-BA6F-1E60DCEB7F6D}.Release|Any CPU.ActiveCfg = Release|x86
		{FFE8D999-AA2C-4E54-BA6F-1E60DCEB7F6D}.Release|ARM.ActiveCfg = Release|ARM
		{FFE8D999-AA2C-4E54-BA6F-1E60DCEB7F6D}.Release|ARM.Build.0 = Release|ARM
		{FFE8D999-AA2C-4E54-BA6F-1E60DCEB7F6D}.Release|ARM.Deploy.0 = Release|ARM
		{FFE8D999-AA2C-4E54-BA6F-1E60DCEB7F6D}.Release|x64.ActiveCfg = Release|x64
		{FFE8D999-AA2C-4E54-BA6F-1E60DCEB7F6D}.Release|x64.Build.0 = Release|x64
		{FFE8D999-AA2C-4E54-BA6F-1E60DCEB7F6D}.Release|x64.Deploy.0 = Release|x64
		{FFE8D999-AA2C-4E54-BA6F-1E60DCEB7F6D}.Release|x86.ActiveCfg = Release|x86
		{FFE8D999-AA2C-4E54-BA6F-1E60DCEB7F6D}.Release|x86.Build.0 = Release|x86
		{FFE8D999-AA2C-4E54-BA6F-1E60DCEB7F6D}.Release|x86.Deploy.0 = Release|x86
		{449BCFF8-F937-4E21-B367-09148E4964B3}.Debug|Any CPU.ActiveCfg = Debug|Any CPU
		{449BCFF8-F937-4E21-B367-09148E4964B3}.Debug|Any CPU.Build.0 = Debug|Any CPU
		{449BCFF8-F937-4E21-B367-09148E4964B3}.Debug|ARM.ActiveCfg = Debug|Any CPU
		{449BCFF8-F937-4E21-B367-09148E4964B3}.Debug|ARM.Build.0 = Debug|Any CPU
		{449BCFF8-F937-4E21-B367-09148E4964B3}.Debug|x64.ActiveCfg = Debug|Any CPU
		{449BCFF8-F937-4E21-B367-09148E4964B3}.Debug|x64.Build.0 = Debug|Any CPU
		{449BCFF8-F937-4E21-B367-09148E4964B3}.Debug|x86.ActiveCfg = Debug|Any CPU
		{449BCFF8-F937-4E21-B367-09148E4964B3}.Debug|x86.Build.0 = Debug|Any CPU
		{449BCFF8-F937-4E21-B367-09148E4964B3}.Release|Any CPU.ActiveCfg = Release|Any CPU
		{449BCFF8-F937-4E21-B367-09148E4964B3}.Release|Any CPU.Build.0 = Release|Any CPU
		{449BCFF8-F937-4E21-B367-09148E4964B3}.Release|ARM.ActiveCfg = Release|Any CPU
		{449BCFF8-F937-4E21-B367-09148E4964B3}.Release|ARM.Build.0 = Release|Any CPU
		{449BCFF8-F937-4E21-B367-09148E4964B3}.Release|x64.ActiveCfg = Release|Any CPU
		{449BCFF8-F937-4E21-B367-09148E4964B3}.Release|x64.Build.0 = Release|Any CPU
		{449BCFF8-F937-4E21-B367-09148E4964B3}.Release|x86.ActiveCfg = Release|Any CPU
		{449BCFF8-F937-4E21-B367-09148E4964B3}.Release|x86.Build.0 = Release|Any CPU
		{4C4455B7-AC20-4A5B-95C2-1C557EBB6E77}.Debug|Any CPU.ActiveCfg = Debug|Any CPU
		{4C4455B7-AC20-4A5B-95C2-1C557EBB6E77}.Debug|Any CPU.Build.0 = Debug|Any CPU
		{4C4455B7-AC20-4A5B-95C2-1C557EBB6E77}.Debug|ARM.ActiveCfg = Debug|Any CPU
		{4C4455B7-AC20-4A5B-95C2-1C557EBB6E77}.Debug|ARM.Build.0 = Debug|Any CPU
		{4C4455B7-AC20-4A5B-95C2-1C557EBB6E77}.Debug|x64.ActiveCfg = Debug|Any CPU
		{4C4455B7-AC20-4A5B-95C2-1C557EBB6E77}.Debug|x64.Build.0 = Debug|Any CPU
		{4C4455B7-AC20-4A5B-95C2-1C557EBB6E77}.Debug|x86.ActiveCfg = Debug|Any CPU
		{4C4455B7-AC20-4A5B-95C2-1C557EBB6E77}.Debug|x86.Build.0 = Debug|Any CPU
		{4C4455B7-AC20-4A5B-95C2-1C557EBB6E77}.Release|Any CPU.ActiveCfg = Release|Any CPU
		{4C4455B7-AC20-4A5B-95C2-1C557EBB6E77}.Release|Any CPU.Build.0 = Release|Any CPU
		{4C4455B7-AC20-4A5B-95C2-1C557EBB6E77}.Release|ARM.ActiveCfg = Release|Any CPU
		{4C4455B7-AC20-4A5B-95C2-1C557EBB6E77}.Release|ARM.Build.0 = Release|Any CPU
		{4C4455B7-AC20-4A5B-95C2-1C557EBB6E77}.Release|x64.ActiveCfg = Release|Any CPU
		{4C4455B7-AC20-4A5B-95C2-1C557EBB6E77}.Release|x64.Build.0 = Release|Any CPU
		{4C4455B7-AC20-4A5B-95C2-1C557EBB6E77}.Release|x86.ActiveCfg = Release|Any CPU
		{4C4455B7-AC20-4A5B-95C2-1C557EBB6E77}.Release|x86.Build.0 = Release|Any CPU
		{8B9407C4-5B11-4E1E-8FCC-C6946266B844}.Debug|Any CPU.ActiveCfg = Debug|Any CPU
		{8B9407C4-5B11-4E1E-8FCC-C6946266B844}.Debug|Any CPU.Build.0 = Debug|Any CPU
		{8B9407C4-5B11-4E1E-8FCC-C6946266B844}.Debug|ARM.ActiveCfg = Debug|Any CPU
		{8B9407C4-5B11-4E1E-8FCC-C6946266B844}.Debug|ARM.Build.0 = Debug|Any CPU
		{8B9407C4-5B11-4E1E-8FCC-C6946266B844}.Debug|x64.ActiveCfg = Debug|Any CPU
		{8B9407C4-5B11-4E1E-8FCC-C6946266B844}.Debug|x64.Build.0 = Debug|Any CPU
		{8B9407C4-5B11-4E1E-8FCC-C6946266B844}.Debug|x86.ActiveCfg = Debug|Any CPU
		{8B9407C4-5B11-4E1E-8FCC-C6946266B844}.Debug|x86.Build.0 = Debug|Any CPU
		{8B9407C4-5B11-4E1E-8FCC-C6946266B844}.Release|Any CPU.ActiveCfg = Release|Any CPU
		{8B9407C4-5B11-4E1E-8FCC-C6946266B844}.Release|Any CPU.Build.0 = Release|Any CPU
		{8B9407C4-5B11-4E1E-8FCC-C6946266B844}.Release|ARM.ActiveCfg = Release|Any CPU
		{8B9407C4-5B11-4E1E-8FCC-C6946266B844}.Release|ARM.Build.0 = Release|Any CPU
		{8B9407C4-5B11-4E1E-8FCC-C6946266B844}.Release|x64.ActiveCfg = Release|Any CPU
		{8B9407C4-5B11-4E1E-8FCC-C6946266B844}.Release|x64.Build.0 = Release|Any CPU
		{8B9407C4-5B11-4E1E-8FCC-C6946266B844}.Release|x86.ActiveCfg = Release|Any CPU
		{8B9407C4-5B11-4E1E-8FCC-C6946266B844}.Release|x86.Build.0 = Release|Any CPU
	EndGlobalSection
	GlobalSection(SolutionProperties) = preSolution
		HideSolutionNode = FALSE
	EndGlobalSection
	GlobalSection(ExtensibilityGlobals) = postSolution
		SolutionGuid = {3B1B1F75-5665-411B-80FC-ADA91A7295B7}
	EndGlobalSection
EndGlobal
