
Microsoft Visual Studio Solution File, Format Version 12.00
# Visual Studio 14
VisualStudioVersion = 14.0.25420.1
MinimumVisualStudioVersion = 10.0.40219.1
Project("{FAE04EC0-301F-11D3-BF4B-00C04F79EFBC}") = "Library", "Library\Library.csproj", "{3C4BFF0F-AD9F-48D3-8EB2-815EBFC3F9A1}"
EndProject
Project("{2150E333-8FDC-42A3-9474-1A3956D46DE8}") = "ZAR", "ZAR", "{AF9204B6-94E9-4815-A079-258887BD192F}"
EndProject
Project("{2150E333-8FDC-42A3-9474-1A3956D46DE8}") = "MAMS", "MAMS", "{A5FE9992-E0E2-48D0-923F-2B1F6B339F17}"
EndProject
Project("{2150E333-8FDC-42A3-9474-1A3956D46DE8}") = "CEA", "CEA", "{FDEBE408-A96D-4EAB-A807-9A00FE7E90D9}"
EndProject
Project("{2150E333-8FDC-42A3-9474-1A3956D46DE8}") = "Library", "Library", "{11B75094-7DE1-4437-A64A-856FC1D1629A}"
EndProject
Project("{FAE04EC0-301F-11D3-BF4B-00C04F79EFBC}") = "ZAR.WindowsForms", "ZAR\ZAR.WindowsForms\ZAR.WindowsForms.csproj", "{677E8777-CC18-4E71-A896-585B4954CC3B}"
EndProject
Project("{FAE04EC0-301F-11D3-BF4B-00C04F79EFBC}") = "CEA.UWP", "CEA\UWP\CEA.UWP.csproj", "{FFE8D999-AA2C-4E54-BA6F-1E60DCEB7F6D}"
EndProject
Project("{FAE04EC0-301F-11D3-BF4B-00C04F79EFBC}") = "CEA.WPF", "CEA\WPF\CEA.WPF.csproj", "{449BCFF8-F937-4E21-B367-09148E4964B3}"
EndProject
Project("{FAE04EC0-301F-11D3-BF4B-00C04F79EFBC}") = "CEA.WindowsForms", "CEA\WindowsForms\CEA.WindowsForms.csproj", "{4C4455B7-AC20-4A5B-95C2-1C557EBB6E77}"
EndProject
Project("{2150E333-8FDC-42A3-9474-1A3956D46DE8}") = "CENTCOM", "CENTCOM", "{DE82C762-4E24-45E9-AAD2-C635F2AEA3D2}"
EndProject
Project("{2150E333-8FDC-42A3-9474-1A3956D46DE8}") = "PushPFPS", "PushPFPS", "{2A7ED1C3-1272-4135-852F-90519A431236}"
EndProject
Project("{FAE04EC0-301F-11D3-BF4B-00C04F79EFBC}") = "ZAR.WPF", "ZAR\ZAR.WPF\ZAR.WPF\ZAR.WPF.csproj", "{762A1190-CB04-4B41-B9F6-19288CF599FB}"
EndProject
Global
	GlobalSection(SolutionConfigurationPlatforms) = preSolution
		Debug|Any CPU = Debug|Any CPU
		Debug|ARM = Debug|ARM
		Debug|x64 = Debug|x64
		Debug|x86 = Debug|x86
		Release|Any CPU = Release|Any CPU
		Release|ARM = Release|ARM
		Release|x64 = Release|x64
		Release|x86 = Release|x86
	EndGlobalSection
	GlobalSection(ProjectConfigurationPlatforms) = postSolution
		{3C4BFF0F-AD9F-48D3-8EB2-815EBFC3F9A1}.Debug|Any CPU.ActiveCfg = Debug|Any CPU
		{3C4BFF0F-AD9F-48D3-8EB2-815EBFC3F9A1}.Debug|Any CPU.Build.0 = Debug|Any CPU
		{3C4BFF0F-AD9F-48D3-8EB2-815EBFC3F9A1}.Debug|ARM.ActiveCfg = Debug|Any CPU
		{3C4BFF0F-AD9F-48D3-8EB2-815EBFC3F9A1}.Debug|ARM.Build.0 = Debug|Any CPU
		{3C4BFF0F-AD9F-48D3-8EB2-815EBFC3F9A1}.Debug|x64.ActiveCfg = Debug|Any CPU
		{3C4BFF0F-AD9F-48D3-8EB2-815EBFC3F9A1}.Debug|x64.Build.0 = Debug|Any CPU
		{3C4BFF0F-AD9F-48D3-8EB2-815EBFC3F9A1}.Debug|x86.ActiveCfg = Debug|Any CPU
		{3C4BFF0F-AD9F-48D3-8EB2-815EBFC3F9A1}.Debug|x86.Build.0 = Debug|Any CPU
		{3C4BFF0F-AD9F-48D3-8EB2-815EBFC3F9A1}.Release|Any CPU.ActiveCfg = Release|Any CPU
		{3C4BFF0F-AD9F-48D3-8EB2-815EBFC3F9A1}.Release|Any CPU.Build.0 = Release|Any CPU
		{3C4BFF0F-AD9F-48D3-8EB2-815EBFC3F9A1}.Release|ARM.ActiveCfg = Release|Any CPU
		{3C4BFF0F-AD9F-48D3-8EB2-815EBFC3F9A1}.Release|ARM.Build.0 = Release|Any CPU
		{3C4BFF0F-AD9F-48D3-8EB2-815EBFC3F9A1}.Release|x64.ActiveCfg = Release|Any CPU
		{3C4BFF0F-AD9F-48D3-8EB2-815EBFC3F9A1}.Release|x64.Build.0 = Release|Any CPU
		{3C4BFF0F-AD9F-48D3-8EB2-815EBFC3F9A1}.Release|x86.ActiveCfg = Release|Any CPU
		{3C4BFF0F-AD9F-48D3-8EB2-815EBFC3F9A1}.Release|x86.Build.0 = Release|Any CPU
		{677E8777-CC18-4E71-A896-585B4954CC3B}.Debug|Any CPU.ActiveCfg = Debug|Any CPU
		{677E8777-CC18-4E71-A896-585B4954CC3B}.Debug|Any CPU.Build.0 = Debug|Any CPU
		{677E8777-CC18-4E71-A896-585B4954CC3B}.Debug|ARM.ActiveCfg = Debug|Any CPU
		{677E8777-CC18-4E71-A896-585B4954CC3B}.Debug|ARM.Build.0 = Debug|Any CPU
		{677E8777-CC18-4E71-A896-585B4954CC3B}.Debug|x64.ActiveCfg = Debug|Any CPU
		{677E8777-CC18-4E71-A896-585B4954CC3B}.Debug|x64.Build.0 = Debug|Any CPU
		{677E8777-CC18-4E71-A896-585B4954CC3B}.Debug|x86.ActiveCfg = Debug|Any CPU
		{677E8777-CC18-4E71-A896-585B4954CC3B}.Debug|x86.Build.0 = Debug|Any CPU
		{677E8777-CC18-4E71-A896-585B4954CC3B}.Release|Any CPU.ActiveCfg = Release|Any CPU
		{677E8777-CC18-4E71-A896-585B4954CC3B}.Release|Any CPU.Build.0 = Release|Any CPU
		{677E8777-CC18-4E71-A896-585B4954CC3B}.Release|ARM.ActiveCfg = Release|Any CPU
		{677E8777-CC18-4E71-A896-585B4954CC3B}.Release|ARM.Build.0 = Release|Any CPU
		{677E8777-CC18-4E71-A896-585B4954CC3B}.Release|x64.ActiveCfg = Release|Any CPU
		{677E8777-CC18-4E71-A896-585B4954CC3B}.Release|x64.Build.0 = Release|Any CPU
		{677E8777-CC18-4E71-A896-585B4954CC3B}.Release|x86.ActiveCfg = Release|Any CPU
		{677E8777-CC18-4E71-A896-585B4954CC3B}.Release|x86.Build.0 = Release|Any CPU
		{FFE8D999-AA2C-4E54-BA6F-1E60DCEB7F6D}.Debug|Any CPU.ActiveCfg = Debug|x86
		{FFE8D999-AA2C-4E54-BA6F-1E60DCEB7F6D}.Debug|ARM.ActiveCfg = Debug|ARM
		{FFE8D999-AA2C-4E54-BA6F-1E60DCEB7F6D}.Debug|ARM.Build.0 = Debug|ARM
		{FFE8D999-AA2C-4E54-BA6F-1E60DCEB7F6D}.Debug|ARM.Deploy.0 = Debug|ARM
		{FFE8D999-AA2C-4E54-BA6F-1E60DCEB7F6D}.Debug|x64.ActiveCfg = Debug|x64
		{FFE8D999-AA2C-4E54-BA6F-1E60DCEB7F6D}.Debug|x64.Build.0 = Debug|x64
		{FFE8D999-AA2C-4E54-BA6F-1E60DCEB7F6D}.Debug|x64.Deploy.0 = Debug|x64
		{FFE8D999-AA2C-4E54-BA6F-1E60DCEB7F6D}.Debug|x86.ActiveCfg = Debug|x86
		{FFE8D999-AA2C-4E54-BA6F-1E60DCEB7F6D}.Debug|x86.Build.0 = Debug|x86
		{FFE8D999-AA2C-4E54-BA6F-1E60DCEB7F6D}.Debug|x86.Deploy.0 = Debug|x86
		{FFE8D999-AA2C-4E54-BA6F-1E60DCEB7F6D}.Release|Any CPU.ActiveCfg = Release|x86
		{FFE8D999-AA2C-4E54-BA6F-1E60DCEB7F6D}.Release|ARM.ActiveCfg = Release|ARM
		{FFE8D999-AA2C-4E54-BA6F-1E60DCEB7F6D}.Release|ARM.Build.0 = Release|ARM
		{FFE8D999-AA2C-4E54-BA6F-1E60DCEB7F6D}.Release|ARM.Deploy.0 = Release|ARM
		{FFE8D999-AA2C-4E54-BA6F-1E60DCEB7F6D}.Release|x64.ActiveCfg = Release|x64
		{FFE8D999-AA2C-4E54-BA6F-1E60DCEB7F6D}.Release|x64.Build.0 = Release|x64
		{FFE8D999-AA2C-4E54-BA6F-1E60DCEB7F6D}.Release|x64.Deploy.0 = Release|x64
		{FFE8D999-AA2C-4E54-BA6F-1E60DCEB7F6D}.Release|x86.ActiveCfg = Release|x86
		{FFE8D999-AA2C-4E54-BA6F-1E60DCEB7F6D}.Release|x86.Build.0 = Release|x86
		{FFE8D999-AA2C-4E54-BA6F-1E60DCEB7F6D}.Release|x86.Deploy.0 = Release|x86
		{449BCFF8-F937-4E21-B367-09148E4964B3}.Debug|Any CPU.ActiveCfg = Debug|Any CPU
		{449BCFF8-F937-4E21-B367-09148E4964B3}.Debug|Any CPU.Build.0 = Debug|Any CPU
		{449BCFF8-F937-4E21-B367-09148E4964B3}.Debug|ARM.ActiveCfg = Debug|Any CPU
		{449BCFF8-F937-4E21-B367-09148E4964B3}.Debug|ARM.Build.0 = Debug|Any CPU
		{449BCFF8-F937-4E21-B367-09148E4964B3}.Debug|x64.ActiveCfg = Debug|Any CPU
		{449BCFF8-F937-4E21-B367-09148E4964B3}.Debug|x64.Build.0 = Debug|Any CPU
		{449BCFF8-F937-4E21-B367-09148E4964B3}.Debug|x86.ActiveCfg = Debug|Any CPU
		{449BCFF8-F937-4E21-B367-09148E4964B3}.Debug|x86.Build.0 = Debug|Any CPU
		{449BCFF8-F937-4E21-B367-09148E4964B3}.Release|Any CPU.ActiveCfg = Release|Any CPU
		{449BCFF8-F937-4E21-B367-09148E4964B3}.Release|Any CPU.Build.0 = Release|Any CPU
		{449BCFF8-F937-4E21-B367-09148E4964B3}.Release|ARM.ActiveCfg = Release|Any CPU
		{449BCFF8-F937-4E21-B367-09148E4964B3}.Release|ARM.Build.0 = Release|Any CPU
		{449BCFF8-F937-4E21-B367-09148E4964B3}.Release|x64.ActiveCfg = Release|Any CPU
		{449BCFF8-F937-4E21-B367-09148E4964B3}.Release|x64.Build.0 = Release|Any CPU
		{449BCFF8-F937-4E21-B367-09148E4964B3}.Release|x86.ActiveCfg = Release|Any CPU
		{449BCFF8-F937-4E21-B367-09148E4964B3}.Release|x86.Build.0 = Release|Any CPU
		{4C4455B7-AC20-4A5B-95C2-1C557EBB6E77}.Debug|Any CPU.ActiveCfg = Debug|Any CPU
		{4C4455B7-AC20-4A5B-95C2-1C557EBB6E77}.Debug|Any CPU.Build.0 = Debug|Any CPU
		{4C4455B7-AC20-4A5B-95C2-1C557EBB6E77}.Debug|ARM.ActiveCfg = Debug|Any CPU
		{4C4455B7-AC20-4A5B-95C2-1C557EBB6E77}.Debug|ARM.Build.0 = Debug|Any CPU
		{4C4455B7-AC20-4A5B-95C2-1C557EBB6E77}.Debug|x64.ActiveCfg = Debug|Any CPU
		{4C4455B7-AC20-4A5B-95C2-1C557EBB6E77}.Debug|x64.Build.0 = Debug|Any CPU
		{4C4455B7-AC20-4A5B-95C2-1C557EBB6E77}.Debug|x86.ActiveCfg = Debug|Any CPU
		{4C4455B7-AC20-4A5B-95C2-1C557EBB6E77}.Debug|x86.Build.0 = Debug|Any CPU
		{4C4455B7-AC20-4A5B-95C2-1C557EBB6E77}.Release|Any CPU.ActiveCfg = Release|Any CPU
		{4C4455B7-AC20-4A5B-95C2-1C557EBB6E77}.Release|Any CPU.Build.0 = Release|Any CPU
		{4C4455B7-AC20-4A5B-95C2-1C557EBB6E77}.Release|ARM.ActiveCfg = Release|Any CPU
		{4C4455B7-AC20-4A5B-95C2-1C557EBB6E77}.Release|ARM.Build.0 = Release|Any CPU
		{4C4455B7-AC20-4A5B-95C2-1C557EBB6E77}.Release|x64.ActiveCfg = Release|Any CPU
		{4C4455B7-AC20-4A5B-95C2-1C557EBB6E77}.Release|x64.Build.0 = Release|Any CPU
		{4C4455B7-AC20-4A5B-95C2-1C557EBB6E77}.Release|x86.ActiveCfg = Release|Any CPU
		{4C4455B7-AC20-4A5B-95C2-1C557EBB6E77}.Release|x86.Build.0 = Release|Any CPU
		{762A1190-CB04-4B41-B9F6-19288CF599FB}.Debug|Any CPU.ActiveCfg = Debug|Any CPU
		{762A1190-CB04-4B41-B9F6-19288CF599FB}.Debug|Any CPU.Build.0 = Debug|Any CPU
		{762A1190-CB04-4B41-B9F6-19288CF599FB}.Debug|ARM.ActiveCfg = Debug|Any CPU
		{762A1190-CB04-4B41-B9F6-19288CF599FB}.Debug|ARM.Build.0 = Debug|Any CPU
		{762A1190-CB04-4B41-B9F6-19288CF599FB}.Debug|x64.ActiveCfg = Debug|Any CPU
		{762A1190-CB04-4B41-B9F6-19288CF599FB}.Debug|x64.Build.0 = Debug|Any CPU
		{762A1190-CB04-4B41-B9F6-19288CF599FB}.Debug|x86.ActiveCfg = Debug|Any CPU
		{762A1190-CB04-4B41-B9F6-19288CF599FB}.Debug|x86.Build.0 = Debug|Any CPU
		{762A1190-CB04-4B41-B9F6-19288CF599FB}.Release|Any CPU.ActiveCfg = Release|Any CPU
		{762A1190-CB04-4B41-B9F6-19288CF599FB}.Release|Any CPU.Build.0 = Release|Any CPU
		{762A1190-CB04-4B41-B9F6-19288CF599FB}.Release|ARM.ActiveCfg = Release|Any CPU
		{762A1190-CB04-4B41-B9F6-19288CF599FB}.Release|ARM.Build.0 = Release|Any CPU
		{762A1190-CB04-4B41-B9F6-19288CF599FB}.Release|x64.ActiveCfg = Release|Any CPU
		{762A1190-CB04-4B41-B9F6-19288CF599FB}.Release|x64.Build.0 = Release|Any CPU
		{762A1190-CB04-4B41-B9F6-19288CF599FB}.Release|x86.ActiveCfg = Release|Any CPU
		{762A1190-CB04-4B41-B9F6-19288CF599FB}.Release|x86.Build.0 = Release|Any CPU
	EndGlobalSection
	GlobalSection(SolutionProperties) = preSolution
		HideSolutionNode = FALSE
	EndGlobalSection
	GlobalSection(NestedProjects) = preSolution
		{3C4BFF0F-AD9F-48D3-8EB2-815EBFC3F9A1} = {11B75094-7DE1-4437-A64A-856FC1D1629A}
		{677E8777-CC18-4E71-A896-585B4954CC3B} = {AF9204B6-94E9-4815-A079-258887BD192F}
		{FFE8D999-AA2C-4E54-BA6F-1E60DCEB7F6D} = {FDEBE408-A96D-4EAB-A807-9A00FE7E90D9}
		{449BCFF8-F937-4E21-B367-09148E4964B3} = {FDEBE408-A96D-4EAB-A807-9A00FE7E90D9}
		{4C4455B7-AC20-4A5B-95C2-1C557EBB6E77} = {FDEBE408-A96D-4EAB-A807-9A00FE7E90D9}
		{762A1190-CB04-4B41-B9F6-19288CF599FB} = {AF9204B6-94E9-4815-A079-258887BD192F}
	EndGlobalSection
EndGlobal
